
Microsoft Visual Studio Solution File, Format Version 12.00
# Visual Studio Version 16
VisualStudioVersion = 16.0.30804.86
MinimumVisualStudioVersion = 10.0.40219.1
Project("{9A19103F-16F7-4668-BE54-9A1E7A4F7556}") = "DTOs", "DTOs\DTOs.csproj", "{2A857B9A-95CA-41F2-8A1C-FC77DE1ACD4C}"
EndProject
Project("{9A19103F-16F7-4668-BE54-9A1E7A4F7556}") = "Guard_Client", "Guard_Client\Guard_Client.csproj", "{966B9EBF-70F4-4F33-A5FE-5396A7CCF528}"
EndProject
Global
	GlobalSection(SolutionConfigurationPlatforms) = preSolution
		Debug|Any CPU = Debug|Any CPU
		Release|Any CPU = Release|Any CPU
	EndGlobalSection
	GlobalSection(ProjectConfigurationPlatforms) = postSolution
		{2A857B9A-95CA-41F2-8A1C-FC77DE1ACD4C}.Debug|Any CPU.ActiveCfg = Debug|Any CPU
		{2A857B9A-95CA-41F2-8A1C-FC77DE1ACD4C}.Debug|Any CPU.Build.0 = Debug|Any CPU
		{2A857B9A-95CA-41F2-8A1C-FC77DE1ACD4C}.Release|Any CPU.ActiveCfg = Release|Any CPU
		{2A857B9A-95CA-41F2-8A1C-FC77DE1ACD4C}.Release|Any CPU.Build.0 = Release|Any CPU
		{966B9EBF-70F4-4F33-A5FE-5396A7CCF528}.Debug|Any CPU.ActiveCfg = Debug|Any CPU
		{966B9EBF-70F4-4F33-A5FE-5396A7CCF528}.Debug|Any CPU.Build.0 = Debug|Any CPU
		{966B9EBF-70F4-4F33-A5FE-5396A7CCF528}.Release|Any CPU.ActiveCfg = Release|Any CPU
		{966B9EBF-70F4-4F33-A5FE-5396A7CCF528}.Release|Any CPU.Build.0 = Release|Any CPU
	EndGlobalSection
	GlobalSection(SolutionProperties) = preSolution
		HideSolutionNode = FALSE
	EndGlobalSection
	GlobalSection(ExtensibilityGlobals) = postSolution
		SolutionGuid = {8B8BEF87-4642-49D1-900B-524062C20869}
	EndGlobalSection
EndGlobal
